
Microsoft Visual Studio Solution File, Format Version 12.00
# Visual Studio Version 17
VisualStudioVersion = 17.9.34622.214
MinimumVisualStudioVersion = 10.0.40219.1
Project("{9A19103F-16F7-4668-BE54-9A1E7A4F7556}") = "Inventory", "Inventory\Inventory.csproj", "{F4E93769-B90F-45E7-8EAF-064C45F93B9D}"
EndProject
Global
	GlobalSection(SolutionConfigurationPlatforms) = preSolution
		Debug|Any CPU = Debug|Any CPU
		Release|Any CPU = Release|Any CPU
	EndGlobalSection
	GlobalSection(ProjectConfigurationPlatforms) = postSolution
		{F4E93769-B90F-45E7-8EAF-064C45F93B9D}.Debug|Any CPU.ActiveCfg = Debug|Any CPU
		{F4E93769-B90F-45E7-8EAF-064C45F93B9D}.Debug|Any CPU.Build.0 = Debug|Any CPU
		{F4E93769-B90F-45E7-8EAF-064C45F93B9D}.Release|Any CPU.ActiveCfg = Release|Any CPU
		{F4E93769-B90F-45E7-8EAF-064C45F93B9D}.Release|Any CPU.Build.0 = Release|Any CPU
	EndGlobalSection
	GlobalSection(SolutionProperties) = preSolution
		HideSolutionNode = FALSE
	EndGlobalSection
	GlobalSection(ExtensibilityGlobals) = postSolution
		SolutionGuid = {D6327AFC-7A77-4A31-BEFA-46DB1CE7419A}
	EndGlobalSection
EndGlobal
